{
  "name": "mini",
  "version": "0.1.0",
  "lockfileVersion": 1,
  "dependencies": {
    "after": {
      "version": "0.8.2",
      "resolved": "https://registry.npmjs.org/after/-/after-0.8.2.tgz",
      "integrity": "sha1-/ts5T58OAqqXaOcCvaI7UF+ufh8="
    },
    "arraybuffer.slice": {
      "version": "0.0.6",
      "resolved": "https://registry.npmjs.org/arraybuffer.slice/-/arraybuffer.slice-0.0.6.tgz",
      "integrity": "sha1-8zshWfBTKj8xB6JywMz70a0peco="
    },
    "asap": {
      "version": "2.0.5",
      "resolved": "https://registry.npmjs.org/asap/-/asap-2.0.5.tgz",
      "integrity": "sha1-UidltQw1EEkOUtfc/ghe+bqWlY8="
    },
    "babel-runtime": {
      "version": "6.23.0",
      "resolved": "https://registry.npmjs.org/babel-runtime/-/babel-runtime-6.23.0.tgz",
      "integrity": "sha1-CpSJ8UTecO+zzkMArM2zKeL8VDs="
    },
    "backo2": {
      "version": "1.0.2",
      "resolved": "https://registry.npmjs.org/backo2/-/backo2-1.0.2.tgz",
      "integrity": "sha1-MasayLEpNjRj41s+u2n038+6eUc="
    },
    "base64-arraybuffer": {
      "version": "0.1.5",
      "resolved": "https://registry.npmjs.org/base64-arraybuffer/-/base64-arraybuffer-0.1.5.tgz",
      "integrity": "sha1-c5JncZI7Whl0etZmqlzUv5xunOg="
    },
    "better-assert": {
      "version": "1.0.2",
      "resolved": "https://registry.npmjs.org/better-assert/-/better-assert-1.0.2.tgz",
      "integrity": "sha1-QIZrnhueC1W0gYlDEeaPr/rrxSI="
    },
    "blob": {
      "version": "0.0.4",
      "resolved": "https://registry.npmjs.org/blob/-/blob-0.0.4.tgz",
      "integrity": "sha1-vPEwUspURj8w+fx+lbmkdjCpSSE="
    },
    "callsite": {
      "version": "1.0.0",
      "resolved": "https://registry.npmjs.org/callsite/-/callsite-1.0.0.tgz",
      "integrity": "sha1-KAOY5dZkvXQDi28JBRU+borxvCA="
    },
    "chain-function": {
      "version": "1.0.0",
      "resolved": "https://registry.npmjs.org/chain-function/-/chain-function-1.0.0.tgz",
      "integrity": "sha1-DUqzfn4Y6tC9xHuSB2QRjOWHM9w="
    },
    "change-emitter": {
      "version": "0.1.6",
      "resolved": "https://registry.npmjs.org/change-emitter/-/change-emitter-0.1.6.tgz",
      "integrity": "sha1-6LL+PX8at9aaMhma/5HqaTFAlRU="
    },
    "classnames": {
      "version": "2.2.5",
      "resolved": "https://registry.npmjs.org/classnames/-/classnames-2.2.5.tgz",
      "integrity": "sha1-+zgB1FNGdknvNgPH1hoCvRKb3m0="
    },
    "component-bind": {
      "version": "1.0.0",
      "resolved": "https://registry.npmjs.org/component-bind/-/component-bind-1.0.0.tgz",
      "integrity": "sha1-AMYIq33Nk4l8AAllGx06jh5zu9E="
    },
    "component-emitter": {
      "version": "1.2.1",
      "resolved": "https://registry.npmjs.org/component-emitter/-/component-emitter-1.2.1.tgz",
      "integrity": "sha1-E3kY1teCg/ffemt8WmPhQOaUJeY="
    },
    "component-inherit": {
      "version": "0.0.3",
      "resolved": "https://registry.npmjs.org/component-inherit/-/component-inherit-0.0.3.tgz",
      "integrity": "sha1-ZF/ErfWLcrZJ1crmUTVhnbJv8UM="
    },
    "core-js": {
      "version": "2.4.1",
      "resolved": "https://registry.npmjs.org/core-js/-/core-js-2.4.1.tgz",
      "integrity": "sha1-TekR5mew6ukSTjQlS1OupvxhjT4="
    },
    "css-vendor": {
      "version": "0.3.8",
      "resolved": "https://registry.npmjs.org/css-vendor/-/css-vendor-0.3.8.tgz",
      "integrity": "sha1-ZCHP0wNM5mT+dnOXL9ARn8KJQfo="
    },
    "debug": {
      "version": "2.6.8",
      "resolved": "https://registry.npmjs.org/debug/-/debug-2.6.8.tgz",
      "integrity": "sha1-5zFTHKLt4n0YgiJCfaF4IdaP9Pw="
    },
    "dom-helpers": {
      "version": "3.2.1",
      "resolved": "https://registry.npmjs.org/dom-helpers/-/dom-helpers-3.2.1.tgz",
      "integrity": "sha1-MgPgf+0he9H0JLAZc1WC/Deyglo="
    },
    "dom-walk": {
      "version": "0.1.1",
      "resolved": "https://registry.npmjs.org/dom-walk/-/dom-walk-0.1.1.tgz",
      "integrity": "sha1-ZyIm3HTI95mtNTB9+TaroRrNYBg="
    },
    "encoding": {
      "version": "0.1.12",
      "resolved": "https://registry.npmjs.org/encoding/-/encoding-0.1.12.tgz",
      "integrity": "sha1-U4tm8+5izRq1HsMjgp0flIDHS+s="
    },
    "engine.io-client": {
      "version": "3.1.1",
      "resolved": "https://registry.npmjs.org/engine.io-client/-/engine.io-client-3.1.1.tgz",
      "integrity": "sha1-QVqYUrrbFPoAj6PvHjFgjbZ2EyU="
    },
    "engine.io-parser": {
      "version": "2.1.1",
      "resolved": "https://registry.npmjs.org/engine.io-parser/-/engine.io-parser-2.1.1.tgz",
      "integrity": "sha1-4Ps/DgRi9/WLt3waUun1p+JuRmg="
    },
    "fbjs": {
      "version": "0.8.12",
      "resolved": "https://registry.npmjs.org/fbjs/-/fbjs-0.8.12.tgz",
      "integrity": "sha1-ELXZL3bUVXX9Y6IX1OoCvqL47QQ=",
      "dependencies": {
        "core-js": {
          "version": "1.2.7",
          "resolved": "https://registry.npmjs.org/core-js/-/core-js-1.2.7.tgz",
          "integrity": "sha1-ZSKUwUZR2yj6k70tX/KYOk8IxjY="
        }
      }
    },
    "global": {
      "version": "4.3.2",
      "resolved": "https://registry.npmjs.org/global/-/global-4.3.2.tgz",
      "integrity": "sha1-52mJJopsdMOJCLEwWxD8DjlOnQ8="
    },
    "has-binary2": {
      "version": "1.0.2",
      "resolved": "https://registry.npmjs.org/has-binary2/-/has-binary2-1.0.2.tgz",
      "integrity": "sha1-6D26SfC5vk0CbSc2U1DZ8D9Uvpg="
    },
    "has-cors": {
      "version": "1.1.0",
      "resolved": "https://registry.npmjs.org/has-cors/-/has-cors-1.1.0.tgz",
      "integrity": "sha1-XkdHk/fqmEPRu5nCPu9J/xJv/zk="
    },
    "hoist-non-react-statics": {
      "version": "1.2.0",
      "resolved": "https://registry.npmjs.org/hoist-non-react-statics/-/hoist-non-react-statics-1.2.0.tgz",
      "integrity": "sha1-qkSM8JhtVcxAdzsXF0t90GbLfPs="
    },
    "iconv-lite": {
      "version": "0.4.18",
      "resolved": "https://registry.npmjs.org/iconv-lite/-/iconv-lite-0.4.18.tgz",
      "integrity": "sha512-sr1ZQph3UwHTR0XftSbK85OvBbxe/abLGzEnPENCQwmHf7sck8Oyu4ob3LgBxWWxRoM+QszeUyl7jbqapu2TqA=="
    },
    "indexof": {
      "version": "0.0.1",
      "resolved": "https://registry.npmjs.org/indexof/-/indexof-0.0.1.tgz",
      "integrity": "sha1-gtwzbSMrkGIXnQWrMpOmYFn9Q10="
    },
    "is-in-browser": {
      "version": "1.1.3",
      "resolved": "https://registry.npmjs.org/is-in-browser/-/is-in-browser-1.1.3.tgz",
      "integrity": "sha1-Vv9NtoOgeMYILrldrX3GLh0E+DU="
    },
    "is-stream": {
      "version": "1.1.0",
      "resolved": "https://registry.npmjs.org/is-stream/-/is-stream-1.1.0.tgz",
      "integrity": "sha1-EtSj3U5o4Lec6428hBc66A2RykQ="
    },
    "isarray": {
      "version": "2.0.1",
      "resolved": "https://registry.npmjs.org/isarray/-/isarray-2.0.1.tgz",
      "integrity": "sha1-o32U7ZzaLVmGXJ92/llu4fM4dB4="
    },
    "isomorphic-fetch": {
      "version": "2.2.1",
      "resolved": "https://registry.npmjs.org/isomorphic-fetch/-/isomorphic-fetch-2.2.1.tgz",
      "integrity": "sha1-YRrhrPFPXoH3KVB0coGf6XM1WKk=",
      "dependencies": {
        "whatwg-fetch": {
          "version": "2.0.3",
          "resolved": "https://registry.npmjs.org/whatwg-fetch/-/whatwg-fetch-2.0.3.tgz",
          "integrity": "sha1-nITsLc9oGH/wC8ZOEnS0QhduHIQ="
        }
      }
    },
    "js-tokens": {
      "version": "3.0.2",
      "resolved": "https://registry.npmjs.org/js-tokens/-/js-tokens-3.0.2.tgz",
      "integrity": "sha1-mGbfOVECEw449/mWvOtlRDIJwls="
    },
    "jss": {
      "version": "6.5.0",
      "resolved": "https://registry.npmjs.org/jss/-/jss-6.5.0.tgz",
      "integrity": "sha1-kpSjZ7ZY2qIDbDb1Y/9r+wx7EqE=",
      "dependencies": {
        "is-in-browser": {
          "version": "1.0.2",
          "resolved": "https://registry.npmjs.org/is-in-browser/-/is-in-browser-1.0.2.tgz",
          "integrity": "sha1-9oi+qPHlqtwyROvIcNGIz7m2E88="
        }
      }
    },
    "jss-camel-case": {
      "version": "3.0.0",
      "resolved": "https://registry.npmjs.org/jss-camel-case/-/jss-camel-case-3.0.0.tgz",
      "integrity": "sha1-RqoY6xSela/OB0UyrUffHCp9Rcs="
    },
    "jss-compose": {
      "version": "2.1.0",
      "resolved": "https://registry.npmjs.org/jss-compose/-/jss-compose-2.1.0.tgz",
      "integrity": "sha1-N1HWE/thxxXj2RFA3qXxeUlohH0="
    },
    "jss-default-unit": {
      "version": "5.0.3",
      "resolved": "https://registry.npmjs.org/jss-default-unit/-/jss-default-unit-5.0.3.tgz",
      "integrity": "sha1-uUUPMcN/6u0xUVVLKTg2OXR4CvE="
    },
    "jss-expand": {
      "version": "2.1.0",
      "resolved": "https://registry.npmjs.org/jss-expand/-/jss-expand-2.1.0.tgz",
      "integrity": "sha1-3A9FgwSp9Ze1JN1K53PqKa3LPSc="
    },
    "jss-extend": {
      "version": "3.0.1",
      "resolved": "https://registry.npmjs.org/jss-extend/-/jss-extend-3.0.1.tgz",
      "integrity": "sha1-rrWEbxZQ11kMaGtcGTK0SjchdC0="
    },
    "jss-global": {
      "version": "0.4.1",
      "resolved": "https://registry.npmjs.org/jss-global/-/jss-global-0.4.1.tgz",
      "integrity": "sha1-QYYseFKN5NMzhTAE63Gt7N4aX9o="
    },
    "jss-nested": {
      "version": "3.0.1",
      "resolved": "https://registry.npmjs.org/jss-nested/-/jss-nested-3.0.1.tgz",
      "integrity": "sha1-FMECZcj8W9YbRQtI8en7NtkK5Wk="
    },
    "jss-preset-default": {
      "version": "1.3.1",
      "resolved": "https://registry.npmjs.org/jss-preset-default/-/jss-preset-default-1.3.1.tgz",
      "integrity": "sha1-ikt/mkHsQS0Z+x0j5tyA6+8EDVo="
    },
    "jss-props-sort": {
      "version": "3.0.0",
      "resolved": "https://registry.npmjs.org/jss-props-sort/-/jss-props-sort-3.0.0.tgz",
      "integrity": "sha1-GVRGEBCbH6lT8ieZ7ssIAkDY3AA="
    },
    "jss-theme-reactor": {
      "version": "0.10.0",
      "resolved": "https://registry.npmjs.org/jss-theme-reactor/-/jss-theme-reactor-0.10.0.tgz",
      "integrity": "sha1-wKY0oB5VCio41divBSYF/Y9CgeI="
    },
    "jss-vendor-prefixer": {
      "version": "4.0.0",
      "resolved": "https://registry.npmjs.org/jss-vendor-prefixer/-/jss-vendor-prefixer-4.0.0.tgz",
      "integrity": "sha1-3xao/MbstFZzlBdOarkBRc+LNKM="
    },
    "keycode": {
      "version": "2.1.9",
      "resolved": "https://registry.npmjs.org/keycode/-/keycode-2.1.9.tgz",
      "integrity": "sha1-lkojxU5IiUBbSGGlyfBIDUUUHfo="
    },
    "lodash": {
      "version": "4.17.4",
      "resolved": "https://registry.npmjs.org/lodash/-/lodash-4.17.4.tgz",
      "integrity": "sha1-eCA6TRwyiuHYbcpkYONptX9AVa4="
    },
    "loose-envify": {
      "version": "1.3.1",
      "resolved": "https://registry.npmjs.org/loose-envify/-/loose-envify-1.3.1.tgz",
      "integrity": "sha1-0aitM/qc4OcT1l/dCsi3SNR4yEg="
    },
    "material-ui": {
      "version": "1.0.0-alpha.20",
      "resolved": "https://registry.npmjs.org/material-ui/-/material-ui-1.0.0-alpha.20.tgz",
      "integrity": "sha1-NtTUHoabntC8rMHax4pFDS2K0LY=",
      "dependencies": {
        "prop-types": {
          "version": "15.5.10",
          "resolved": "https://registry.npmjs.org/prop-types/-/prop-types-15.5.10.tgz",
          "integrity": "sha1-J5ffwxJhguOpXj37suiT3ddFYVQ="
        }
      }
    },
    "min-document": {
      "version": "2.19.0",
      "resolved": "https://registry.npmjs.org/min-document/-/min-document-2.19.0.tgz",
      "integrity": "sha1-e9KC4/WELtKVu3SM3Z8f+iyCRoU="
    },
    "ms": {
      "version": "2.0.0",
      "resolved": "https://registry.npmjs.org/ms/-/ms-2.0.0.tgz",
      "integrity": "sha1-VgiurfwAvmwpAd9fmGF4jeDVl8g="
    },
    "murmurhash-js": {
      "version": "1.0.0",
      "resolved": "https://registry.npmjs.org/murmurhash-js/-/murmurhash-js-1.0.0.tgz",
      "integrity": "sha1-sGJ44h/Gw3+lMTcysEEry2rhX1E="
    },
    "node-fetch": {
      "version": "1.7.1",
      "resolved": "https://registry.npmjs.org/node-fetch/-/node-fetch-1.7.1.tgz",
      "integrity": "sha512-j8XsFGCLw79vWXkZtMSmmLaOk9z5SQ9bV/tkbZVCqvgwzrjAGq66igobLofHtF63NvMTp2WjytpsNTGKa+XRIQ=="
    },
    "object-assign": {
      "version": "4.1.1",
      "resolved": "https://registry.npmjs.org/object-assign/-/object-assign-4.1.1.tgz",
      "integrity": "sha1-IQmtx5ZYh8/AXLvUQsrIv7s2CGM="
    },
    "object-component": {
      "version": "0.0.3",
      "resolved": "https://registry.npmjs.org/object-component/-/object-component-0.0.3.tgz",
      "integrity": "sha1-8MaapQ78lbhmwYb0AKM3acsvEpE="
    },
    "parsejson": {
      "version": "0.0.3",
      "resolved": "https://registry.npmjs.org/parsejson/-/parsejson-0.0.3.tgz",
      "integrity": "sha1-q343WfIJ7OmUN5c/fQ8fZK4OZKs="
    },
    "parseqs": {
      "version": "0.0.5",
      "resolved": "https://registry.npmjs.org/parseqs/-/parseqs-0.0.5.tgz",
      "integrity": "sha1-1SCKNzjkZ2bikbouoXNoSSGouJ0="
    },
    "parseuri": {
      "version": "0.0.5",
      "resolved": "https://registry.npmjs.org/parseuri/-/parseuri-0.0.5.tgz",
      "integrity": "sha1-gCBKUNTbt3m/3G6+J3jZDkvOMgo="
    },
    "process": {
      "version": "0.5.2",
      "resolved": "https://registry.npmjs.org/process/-/process-0.5.2.tgz",
      "integrity": "sha1-FjjYqONML0QKkduVq5rrZ3/Bhc8="
    },
    "promise": {
      "version": "7.3.1",
      "resolved": "https://registry.npmjs.org/promise/-/promise-7.3.1.tgz",
      "integrity": "sha512-nolQXZ/4L+bP/UGlkfaIujX9BKxGwmQ9OT4mOt5yvy8iK1h3wqTEJCijzGANTCCl9nWjY41juyAn2K3Q1hLLTg=="
    },
    "rafl": {
      "version": "1.2.2",
      "resolved": "https://registry.npmjs.org/rafl/-/rafl-1.2.2.tgz",
      "integrity": "sha1-/pMPdYIRAg1H44gV9Rlqi+QVB0A="
    },
    "react-event-listener": {
      "version": "0.4.5",
      "resolved": "https://registry.npmjs.org/react-event-listener/-/react-event-listener-0.4.5.tgz",
      "integrity": "sha1-4+iVoJcM8U7o+JAROvaBl6vz0LE=",
      "dependencies": {
        "prop-types": {
          "version": "15.5.10",
          "resolved": "https://registry.npmjs.org/prop-types/-/prop-types-15.5.10.tgz",
          "integrity": "sha1-J5ffwxJhguOpXj37suiT3ddFYVQ="
        }
      }
    },
    "react-scrollbar-size": {
      "version": "2.0.0",
      "resolved": "https://registry.npmjs.org/react-scrollbar-size/-/react-scrollbar-size-2.0.0.tgz",
      "integrity": "sha1-YRIV9BBdso8fVsys5ifD/OE3ovM=",
      "dependencies": {
        "prop-types": {
          "version": "15.5.10",
          "resolved": "https://registry.npmjs.org/prop-types/-/prop-types-15.5.10.tgz",
          "integrity": "sha1-J5ffwxJhguOpXj37suiT3ddFYVQ="
        }
      }
    },
    "react-transition-group": {
      "version": "1.2.0",
      "resolved": "https://registry.npmjs.org/react-transition-group/-/react-transition-group-1.2.0.tgz",
      "integrity": "sha1-tR/JIbDDg1p+98Vxx5/ILHPpIE8=",
      "dependencies": {
        "prop-types": {
          "version": "15.5.10",
          "resolved": "https://registry.npmjs.org/prop-types/-/prop-types-15.5.10.tgz",
          "integrity": "sha1-J5ffwxJhguOpXj37suiT3ddFYVQ="
        }
      }
    },
    "recompose": {
      "version": "0.23.5",
      "resolved": "https://registry.npmjs.org/recompose/-/recompose-0.23.5.tgz",
      "integrity": "sha1-cqyCYSRr7DeCNdGHRn0CpyHosd4="
    },
    "regenerator-runtime": {
      "version": "0.10.5",
      "resolved": "https://registry.npmjs.org/regenerator-runtime/-/regenerator-runtime-0.10.5.tgz",
      "integrity": "sha1-M2w+/BIgrc7dosn6tntaeVWjNlg="
    },
    "safe-buffer": {
      "version": "5.0.1",
      "resolved": "https://registry.npmjs.org/safe-buffer/-/safe-buffer-5.0.1.tgz",
      "integrity": "sha1-0mPKVGls2KMGtcplUekt5XkY++c="
    },
    "scroll": {
      "version": "2.0.0",
      "resolved": "https://registry.npmjs.org/scroll/-/scroll-2.0.0.tgz",
      "integrity": "sha1-Vcug2E64RdmP41eagB5XIqajqB8="
    },
    "setimmediate": {
      "version": "1.0.5",
      "resolved": "https://registry.npmjs.org/setimmediate/-/setimmediate-1.0.5.tgz",
      "integrity": "sha1-KQy7Iy4waULX1+qbg3Mqt4VvgoU="
    },
    "socket.io-client": {
      "version": "2.0.3",
      "resolved": "https://registry.npmjs.org/socket.io-client/-/socket.io-client-2.0.3.tgz",
      "integrity": "sha1-bK9K/5+FsZ/ZG2zhPWmttWT4hzs="
    },
    "socket.io-parser": {
      "version": "3.1.2",
      "resolved": "https://registry.npmjs.org/socket.io-parser/-/socket.io-parser-3.1.2.tgz",
      "integrity": "sha1-28IoIVH8T6675Aru3Ady66YZ9/I="
    },
    "symbol-observable": {
      "version": "1.0.4",
      "resolved": "https://registry.npmjs.org/symbol-observable/-/symbol-observable-1.0.4.tgz",
      "integrity": "sha1-Kb9hXUqnEhvdiYsi1LP5vE4qoD0="
    },
    "to-array": {
      "version": "0.1.4",
      "resolved": "https://registry.npmjs.org/to-array/-/to-array-0.1.4.tgz",
      "integrity": "sha1-F+bBH3PdTz10zaek/zI46a2b+JA="
    },
    "ua-parser-js": {
      "version": "0.7.13",
      "resolved": "https://registry.npmjs.org/ua-parser-js/-/ua-parser-js-0.7.13.tgz",
      "integrity": "sha1-zZ3S+GSTs/RNvu7zeA/adMXuFL4="
    },
    "ultron": {
      "version": "1.1.0",
      "resolved": "https://registry.npmjs.org/ultron/-/ultron-1.1.0.tgz",
      "integrity": "sha1-sHoualQagV/Go0zNRTO67DB8qGQ="
    },
    "warning": {
      "version": "3.0.0",
      "resolved": "https://registry.npmjs.org/warning/-/warning-3.0.0.tgz",
      "integrity": "sha1-MuU3fLVy3kqwR1O9+IIcAe1gW3w="
    },
    "ws": {
      "version": "2.3.1",
      "resolved": "https://registry.npmjs.org/ws/-/ws-2.3.1.tgz",
      "integrity": "sha1-a5Sz5EfLajY/eF6vlK9jWejoHIA="
    },
    "xmlhttprequest-ssl": {
      "version": "1.5.3",
      "resolved": "https://registry.npmjs.org/xmlhttprequest-ssl/-/xmlhttprequest-ssl-1.5.3.tgz",
      "integrity": "sha1-GFqIjATspGw+QHDZn3tJ3jUomS0="
    },
    "yeast": {
      "version": "0.1.2",
      "resolved": "https://registry.npmjs.org/yeast/-/yeast-0.1.2.tgz",
      "integrity": "sha1-AI4G2AlDIMNy28L47XagymyKxBk="
    }
  }
}
